# This file is automatically @generated by Poetry 2.2.1 and should not be changed by hand.

[[package]]
name = "fmriprep-docker"
version = "25.2.3"
description = "A wrapper for generating Docker commands using regular fMRIPrep syntax"
optional = false
python-versions = ">=2.7"
groups = ["main"]
files = [
    {file = "fmriprep_docker-25.2.3-py2.py3-none-any.whl", hash = "sha256:16b31baf18fa9bf761e022ec931bde3464a0673d5778c9ed5121ebb4208ae241"},
    {file = "fmriprep_docker-25.2.3.tar.gz", hash = "sha256:19c9fe7ac860a49142aa51e5351c44af2a68737a3a0c78603e2ef138f718ae93"},
]

[metadata]
lock-version = "2.1"
python-versions = ">=3.14"
content-hash = "39d55ec61161439f0dfaa8dbde3c275af6bf17cd437a8f4a3121e157d5080981"
